
Microsoft Visual Studio Solution File, Format Version 12.00
# Visual Studio 15
VisualStudioVersion = 15.0.27703.2026
MinimumVisualStudioVersion = 10.0.40219.1
Project("{FAE04EC0-301F-11D3-BF4B-00C04F79EFBC}") = "AuthenticationService", "AuthenticationService\AuthenticationService.csproj", "{78211482-8F7C-4663-8D87-F792C95C2027}"
EndProject
Global
	GlobalSection(SolutionConfigurationPlatforms) = preSolution
		Debug|Any CPU = Debug|Any CPU
		Release|Any CPU = Release|Any CPU
	EndGlobalSection
	GlobalSection(ProjectConfigurationPlatforms) = postSolution
		{78211482-8F7C-4663-8D87-F792C95C2027}.Debug|Any CPU.ActiveCfg = Debug|Any CPU
		{78211482-8F7C-4663-8D87-F792C95C2027}.Debug|Any CPU.Build.0 = Debug|Any CPU
		{78211482-8F7C-4663-8D87-F792C95C2027}.Release|Any CPU.ActiveCfg = Release|Any CPU
		{78211482-8F7C-4663-8D87-F792C95C2027}.Release|Any CPU.Build.0 = Release|Any CPU
	EndGlobalSection
	GlobalSection(SolutionProperties) = preSolution
		HideSolutionNode = FALSE
	EndGlobalSection
	GlobalSection(ExtensibilityGlobals) = postSolution
		SolutionGuid = {687D7CF4-6EB5-4279-A256-B93F996701D5}
	EndGlobalSection
EndGlobal
